
Microsoft Visual Studio Solution File, Format Version 12.00
# Visual Studio 15
VisualStudioVersion = 15.0.26730.3
MinimumVisualStudioVersion = 10.0.40219.1
Project("{FAE04EC0-301F-11D3-BF4B-00C04F79EFBC}") = "Kata20170815_DeleteOccurrencesElementThanNTimes", "Kata20170815_DeleteOccurrencesElementThanNTimes\Kata20170815_DeleteOccurrencesElementThanNTimes.csproj", "{4329B0FB-BB1C-40C8-A209-AB415EC0D235}"
EndProject
Global
	GlobalSection(SolutionConfigurationPlatforms) = preSolution
		Debug|Any CPU = Debug|Any CPU
		Release|Any CPU = Release|Any CPU
	EndGlobalSection
	GlobalSection(ProjectConfigurationPlatforms) = postSolution
		{4329B0FB-BB1C-40C8-A209-AB415EC0D235}.Debug|Any CPU.ActiveCfg = Debug|Any CPU
		{4329B0FB-BB1C-40C8-A209-AB415EC0D235}.Debug|Any CPU.Build.0 = Debug|Any CPU
		{4329B0FB-BB1C-40C8-A209-AB415EC0D235}.Release|Any CPU.ActiveCfg = Release|Any CPU
		{4329B0FB-BB1C-40C8-A209-AB415EC0D235}.Release|Any CPU.Build.0 = Release|Any CPU
	EndGlobalSection
	GlobalSection(SolutionProperties) = preSolution
		HideSolutionNode = FALSE
	EndGlobalSection
	GlobalSection(ExtensibilityGlobals) = postSolution
		SolutionGuid = {E0380DEA-E6F1-4038-A264-95A042968D3E}
	EndGlobalSection
	GlobalSection(CodealikeProperties) = postSolution
		SolutionGuid = 2ee16aa7-9e80-416a-abb1-3f0db9a64aab
	EndGlobalSection
EndGlobal
